
Microsoft Visual Studio Solution File, Format Version 12.00
# Visual Studio Version 16
VisualStudioVersion = 16.0.33027.164
MinimumVisualStudioVersion = 10.0.40219.1
Project("{FAE04EC0-301F-11D3-BF4B-00C04F79EFBC}") = "EmployeeDetails", "EmployeeDetails\EmployeeDetails.csproj", "{CBD7637F-4138-4CAA-A026-D4A6CEE82579}"
EndProject
Project("{FAE04EC0-301F-11D3-BF4B-00C04F79EFBC}") = "UnitTestProject", "UnitTestProject\UnitTestProject.csproj", "{19984F6D-A9CA-46E9-B6F7-AD40C5463B76}"
EndProject
Global
	GlobalSection(SolutionConfigurationPlatforms) = preSolution
		Debug|Any CPU = Debug|Any CPU
		Release|Any CPU = Release|Any CPU
	EndGlobalSection
	GlobalSection(ProjectConfigurationPlatforms) = postSolution
		{CBD7637F-4138-4CAA-A026-D4A6CEE82579}.Debug|Any CPU.ActiveCfg = Debug|Any CPU
		{CBD7637F-4138-4CAA-A026-D4A6CEE82579}.Debug|Any CPU.Build.0 = Debug|Any CPU
		{CBD7637F-4138-4CAA-A026-D4A6CEE82579}.Release|Any CPU.ActiveCfg = Release|Any CPU
		{CBD7637F-4138-4CAA-A026-D4A6CEE82579}.Release|Any CPU.Build.0 = Release|Any CPU
		{19984F6D-A9CA-46E9-B6F7-AD40C5463B76}.Debug|Any CPU.ActiveCfg = Debug|Any CPU
		{19984F6D-A9CA-46E9-B6F7-AD40C5463B76}.Debug|Any CPU.Build.0 = Debug|Any CPU
		{19984F6D-A9CA-46E9-B6F7-AD40C5463B76}.Release|Any CPU.ActiveCfg = Release|Any CPU
		{19984F6D-A9CA-46E9-B6F7-AD40C5463B76}.Release|Any CPU.Build.0 = Release|Any CPU
	EndGlobalSection
	GlobalSection(SolutionProperties) = preSolution
		HideSolutionNode = FALSE
	EndGlobalSection
	GlobalSection(ExtensibilityGlobals) = postSolution
		SolutionGuid = {B5180C38-DE4A-4649-920C-7F8B129916AA}
	EndGlobalSection
EndGlobal
